
Microsoft Visual Studio Solution File, Format Version 12.00
# Visual Studio 15
VisualStudioVersion = 15.0.27130.2027
MinimumVisualStudioVersion = 10.0.40219.1
Project("{FAE04EC0-301F-11D3-BF4B-00C04F79EFBC}") = "CheckNumberEvenOdd", "CheckNumberEvenOdd\CheckNumberEvenOdd.csproj", "{AE0596AF-0EB4-417C-8F6C-E57A3098C3AB}"
EndProject
Global
	GlobalSection(SolutionConfigurationPlatforms) = preSolution
		Debug|Any CPU = Debug|Any CPU
		Release|Any CPU = Release|Any CPU
	EndGlobalSection
	GlobalSection(ProjectConfigurationPlatforms) = postSolution
		{AE0596AF-0EB4-417C-8F6C-E57A3098C3AB}.Debug|Any CPU.ActiveCfg = Debug|Any CPU
		{AE0596AF-0EB4-417C-8F6C-E57A3098C3AB}.Debug|Any CPU.Build.0 = Debug|Any CPU
		{AE0596AF-0EB4-417C-8F6C-E57A3098C3AB}.Release|Any CPU.ActiveCfg = Release|Any CPU
		{AE0596AF-0EB4-417C-8F6C-E57A3098C3AB}.Release|Any CPU.Build.0 = Release|Any CPU
	EndGlobalSection
	GlobalSection(SolutionProperties) = preSolution
		HideSolutionNode = FALSE
	EndGlobalSection
	GlobalSection(ExtensibilityGlobals) = postSolution
		SolutionGuid = {432B017A-4BB9-40A8-ACFE-1385A0A65B54}
	EndGlobalSection
EndGlobal
