
Microsoft Visual Studio Solution File, Format Version 12.00
# Visual Studio 15
VisualStudioVersion = 15.0.27130.2027
MinimumVisualStudioVersion = 10.0.40219.1
Project("{FAE04EC0-301F-11D3-BF4B-00C04F79EFBC}") = "ReadMonthNumberDisplayNumberOfDays", "ReadMonthNumberDisplayNumberOfDays\ReadMonthNumberDisplayNumberOfDays.csproj", "{F29928BF-12FA-4CD0-82F3-32761FC970D1}"
EndProject
Global
	GlobalSection(SolutionConfigurationPlatforms) = preSolution
		Debug|Any CPU = Debug|Any CPU
		Release|Any CPU = Release|Any CPU
	EndGlobalSection
	GlobalSection(ProjectConfigurationPlatforms) = postSolution
		{F29928BF-12FA-4CD0-82F3-32761FC970D1}.Debug|Any CPU.ActiveCfg = Debug|Any CPU
		{F29928BF-12FA-4CD0-82F3-32761FC970D1}.Debug|Any CPU.Build.0 = Debug|Any CPU
		{F29928BF-12FA-4CD0-82F3-32761FC970D1}.Release|Any CPU.ActiveCfg = Release|Any CPU
		{F29928BF-12FA-4CD0-82F3-32761FC970D1}.Release|Any CPU.Build.0 = Release|Any CPU
	EndGlobalSection
	GlobalSection(SolutionProperties) = preSolution
		HideSolutionNode = FALSE
	EndGlobalSection
	GlobalSection(ExtensibilityGlobals) = postSolution
		SolutionGuid = {150C42BE-CAE3-4C89-8CDC-2C3E4AA7652E}
	EndGlobalSection
EndGlobal
