
Microsoft Visual Studio Solution File, Format Version 12.00
# Visual Studio 15
VisualStudioVersion = 15.0.27130.2027
MinimumVisualStudioVersion = 10.0.40219.1
Project("{FAE04EC0-301F-11D3-BF4B-00C04F79EFBC}") = "ReadMonthNumberDisplayMonthName", "ReadMonthNumberDisplayMonthName\ReadMonthNumberDisplayMonthName.csproj", "{0290D679-5ACE-4624-A100-342D714298FC}"
EndProject
Global
	GlobalSection(SolutionConfigurationPlatforms) = preSolution
		Debug|Any CPU = Debug|Any CPU
		Release|Any CPU = Release|Any CPU
	EndGlobalSection
	GlobalSection(ProjectConfigurationPlatforms) = postSolution
		{0290D679-5ACE-4624-A100-342D714298FC}.Debug|Any CPU.ActiveCfg = Debug|Any CPU
		{0290D679-5ACE-4624-A100-342D714298FC}.Debug|Any CPU.Build.0 = Debug|Any CPU
		{0290D679-5ACE-4624-A100-342D714298FC}.Release|Any CPU.ActiveCfg = Release|Any CPU
		{0290D679-5ACE-4624-A100-342D714298FC}.Release|Any CPU.Build.0 = Release|Any CPU
	EndGlobalSection
	GlobalSection(SolutionProperties) = preSolution
		HideSolutionNode = FALSE
	EndGlobalSection
	GlobalSection(ExtensibilityGlobals) = postSolution
		SolutionGuid = {69ED0C67-85F8-4472-91A1-A5E07B7D282E}
	EndGlobalSection
EndGlobal
