
Microsoft Visual Studio Solution File, Format Version 12.00
# Visual Studio 15
VisualStudioVersion = 15.0.27130.2027
MinimumVisualStudioVersion = 10.0.40219.1
Project("{FAE04EC0-301F-11D3-BF4B-00C04F79EFBC}") = "RightAngleTriangleWithNumber", "RightAngleTriangleWithNumber\RightAngleTriangleWithNumber.csproj", "{51F4D378-69ED-4BEA-B1FA-1652175229B8}"
EndProject
Global
	GlobalSection(SolutionConfigurationPlatforms) = preSolution
		Debug|Any CPU = Debug|Any CPU
		Release|Any CPU = Release|Any CPU
	EndGlobalSection
	GlobalSection(ProjectConfigurationPlatforms) = postSolution
		{51F4D378-69ED-4BEA-B1FA-1652175229B8}.Debug|Any CPU.ActiveCfg = Debug|Any CPU
		{51F4D378-69ED-4BEA-B1FA-1652175229B8}.Debug|Any CPU.Build.0 = Debug|Any CPU
		{51F4D378-69ED-4BEA-B1FA-1652175229B8}.Release|Any CPU.ActiveCfg = Release|Any CPU
		{51F4D378-69ED-4BEA-B1FA-1652175229B8}.Release|Any CPU.Build.0 = Release|Any CPU
	EndGlobalSection
	GlobalSection(SolutionProperties) = preSolution
		HideSolutionNode = FALSE
	EndGlobalSection
	GlobalSection(ExtensibilityGlobals) = postSolution
		SolutionGuid = {874CF4C7-6DE6-4F7E-BA90-7B201184AACE}
	EndGlobalSection
EndGlobal
