
Microsoft Visual Studio Solution File, Format Version 12.00
# Visual Studio 15
VisualStudioVersion = 15.0.27130.2027
MinimumVisualStudioVersion = 10.0.40219.1
Project("{FAE04EC0-301F-11D3-BF4B-00C04F79EFBC}") = "MaxNumberAmongUserEnterWhileVersion", "MaxNumberAmongUserEnterWhileVersion\MaxNumberAmongUserEnterWhileVersion.csproj", "{C51AFE80-C54B-4EFC-B88C-0F5B39956055}"
EndProject
Global
	GlobalSection(SolutionConfigurationPlatforms) = preSolution
		Debug|Any CPU = Debug|Any CPU
		Release|Any CPU = Release|Any CPU
	EndGlobalSection
	GlobalSection(ProjectConfigurationPlatforms) = postSolution
		{C51AFE80-C54B-4EFC-B88C-0F5B39956055}.Debug|Any CPU.ActiveCfg = Debug|Any CPU
		{C51AFE80-C54B-4EFC-B88C-0F5B39956055}.Debug|Any CPU.Build.0 = Debug|Any CPU
		{C51AFE80-C54B-4EFC-B88C-0F5B39956055}.Release|Any CPU.ActiveCfg = Release|Any CPU
		{C51AFE80-C54B-4EFC-B88C-0F5B39956055}.Release|Any CPU.Build.0 = Release|Any CPU
	EndGlobalSection
	GlobalSection(SolutionProperties) = preSolution
		HideSolutionNode = FALSE
	EndGlobalSection
	GlobalSection(ExtensibilityGlobals) = postSolution
		SolutionGuid = {8CF50291-3371-4BA8-AC82-000E34D318F3}
	EndGlobalSection
EndGlobal
