
Microsoft Visual Studio Solution File, Format Version 12.00
# Visual Studio 15
VisualStudioVersion = 15.0.27130.2027
MinimumVisualStudioVersion = 10.0.40219.1
Project("{FAE04EC0-301F-11D3-BF4B-00C04F79EFBC}") = "DisplayFirst10NaturalNumbers", "DisplayFirst10NaturalNumbers\DisplayFirst10NaturalNumbers.csproj", "{3C41D2B9-E973-49CB-AAD3-412552EC871A}"
EndProject
Global
	GlobalSection(SolutionConfigurationPlatforms) = preSolution
		Debug|Any CPU = Debug|Any CPU
		Release|Any CPU = Release|Any CPU
	EndGlobalSection
	GlobalSection(ProjectConfigurationPlatforms) = postSolution
		{3C41D2B9-E973-49CB-AAD3-412552EC871A}.Debug|Any CPU.ActiveCfg = Debug|Any CPU
		{3C41D2B9-E973-49CB-AAD3-412552EC871A}.Debug|Any CPU.Build.0 = Debug|Any CPU
		{3C41D2B9-E973-49CB-AAD3-412552EC871A}.Release|Any CPU.ActiveCfg = Release|Any CPU
		{3C41D2B9-E973-49CB-AAD3-412552EC871A}.Release|Any CPU.Build.0 = Release|Any CPU
	EndGlobalSection
	GlobalSection(SolutionProperties) = preSolution
		HideSolutionNode = FALSE
	EndGlobalSection
	GlobalSection(ExtensibilityGlobals) = postSolution
		SolutionGuid = {CEA46522-76FF-489B-9A88-A0E17A12BEB3}
	EndGlobalSection
EndGlobal
