
Microsoft Visual Studio Solution File, Format Version 12.00
# Visual Studio 15
VisualStudioVersion = 15.0.27130.2027
MinimumVisualStudioVersion = 10.0.40219.1
Project("{FAE04EC0-301F-11D3-BF4B-00C04F79EFBC}") = "CheckEligibilityToVote", "CheckEligibilityToVote\CheckEligibilityToVote.csproj", "{BABE120D-0870-44A0-8844-441C51EE9A29}"
EndProject
Global
	GlobalSection(SolutionConfigurationPlatforms) = preSolution
		Debug|Any CPU = Debug|Any CPU
		Release|Any CPU = Release|Any CPU
	EndGlobalSection
	GlobalSection(ProjectConfigurationPlatforms) = postSolution
		{BABE120D-0870-44A0-8844-441C51EE9A29}.Debug|Any CPU.ActiveCfg = Debug|Any CPU
		{BABE120D-0870-44A0-8844-441C51EE9A29}.Debug|Any CPU.Build.0 = Debug|Any CPU
		{BABE120D-0870-44A0-8844-441C51EE9A29}.Release|Any CPU.ActiveCfg = Release|Any CPU
		{BABE120D-0870-44A0-8844-441C51EE9A29}.Release|Any CPU.Build.0 = Release|Any CPU
	EndGlobalSection
	GlobalSection(SolutionProperties) = preSolution
		HideSolutionNode = FALSE
	EndGlobalSection
	GlobalSection(ExtensibilityGlobals) = postSolution
		SolutionGuid = {B453BED1-D8F5-4638-909B-03891B21F966}
	EndGlobalSection
EndGlobal
