
Microsoft Visual Studio Solution File, Format Version 12.00
# Visual Studio 15
VisualStudioVersion = 15.0.27130.2027
MinimumVisualStudioVersion = 10.0.40219.1
Project("{FAE04EC0-301F-11D3-BF4B-00C04F79EFBC}") = "MyMaxMethod", "MyMaxMethod\MyMaxMethod.csproj", "{3217E48A-4FF6-498D-B2DE-18C66D3C1425}"
EndProject
Global
	GlobalSection(SolutionConfigurationPlatforms) = preSolution
		Debug|Any CPU = Debug|Any CPU
		Release|Any CPU = Release|Any CPU
	EndGlobalSection
	GlobalSection(ProjectConfigurationPlatforms) = postSolution
		{3217E48A-4FF6-498D-B2DE-18C66D3C1425}.Debug|Any CPU.ActiveCfg = Debug|Any CPU
		{3217E48A-4FF6-498D-B2DE-18C66D3C1425}.Debug|Any CPU.Build.0 = Debug|Any CPU
		{3217E48A-4FF6-498D-B2DE-18C66D3C1425}.Release|Any CPU.ActiveCfg = Release|Any CPU
		{3217E48A-4FF6-498D-B2DE-18C66D3C1425}.Release|Any CPU.Build.0 = Release|Any CPU
	EndGlobalSection
	GlobalSection(SolutionProperties) = preSolution
		HideSolutionNode = FALSE
	EndGlobalSection
	GlobalSection(ExtensibilityGlobals) = postSolution
		SolutionGuid = {6C4A4AB4-9515-43E9-ADE2-046D5135286A}
	EndGlobalSection
EndGlobal
