
Microsoft Visual Studio Solution File, Format Version 12.00
# Visual Studio 15
VisualStudioVersion = 15.0.27130.2027
MinimumVisualStudioVersion = 10.0.40219.1
Project("{FAE04EC0-301F-11D3-BF4B-00C04F79EFBC}") = "CelsiusToFahrenheitWhileVersion", "CelsiusToFahrenheitWhileVersion\CelsiusToFahrenheitWhileVersion.csproj", "{CC562E2B-609F-47ED-9745-38541987C482}"
EndProject
Global
	GlobalSection(SolutionConfigurationPlatforms) = preSolution
		Debug|Any CPU = Debug|Any CPU
		Release|Any CPU = Release|Any CPU
	EndGlobalSection
	GlobalSection(ProjectConfigurationPlatforms) = postSolution
		{CC562E2B-609F-47ED-9745-38541987C482}.Debug|Any CPU.ActiveCfg = Debug|Any CPU
		{CC562E2B-609F-47ED-9745-38541987C482}.Debug|Any CPU.Build.0 = Debug|Any CPU
		{CC562E2B-609F-47ED-9745-38541987C482}.Release|Any CPU.ActiveCfg = Release|Any CPU
		{CC562E2B-609F-47ED-9745-38541987C482}.Release|Any CPU.Build.0 = Release|Any CPU
	EndGlobalSection
	GlobalSection(SolutionProperties) = preSolution
		HideSolutionNode = FALSE
	EndGlobalSection
	GlobalSection(ExtensibilityGlobals) = postSolution
		SolutionGuid = {38532138-F098-47A4-B5DD-FD8EBA051359}
	EndGlobalSection
EndGlobal
