
Microsoft Visual Studio Solution File, Format Version 12.00
# Visual Studio 15
VisualStudioVersion = 15.0.27130.2027
MinimumVisualStudioVersion = 10.0.40219.1
Project("{FAE04EC0-301F-11D3-BF4B-00C04F79EFBC}") = "Toronto'sWeather", "Toronto'sWeather\Toronto'sWeather.csproj", "{AB5B12FC-D6FE-4AC3-8E8E-4B43F0ABB01A}"
EndProject
Global
	GlobalSection(SolutionConfigurationPlatforms) = preSolution
		Debug|Any CPU = Debug|Any CPU
		Release|Any CPU = Release|Any CPU
	EndGlobalSection
	GlobalSection(ProjectConfigurationPlatforms) = postSolution
		{AB5B12FC-D6FE-4AC3-8E8E-4B43F0ABB01A}.Debug|Any CPU.ActiveCfg = Debug|Any CPU
		{AB5B12FC-D6FE-4AC3-8E8E-4B43F0ABB01A}.Debug|Any CPU.Build.0 = Debug|Any CPU
		{AB5B12FC-D6FE-4AC3-8E8E-4B43F0ABB01A}.Release|Any CPU.ActiveCfg = Release|Any CPU
		{AB5B12FC-D6FE-4AC3-8E8E-4B43F0ABB01A}.Release|Any CPU.Build.0 = Release|Any CPU
	EndGlobalSection
	GlobalSection(SolutionProperties) = preSolution
		HideSolutionNode = FALSE
	EndGlobalSection
	GlobalSection(ExtensibilityGlobals) = postSolution
		SolutionGuid = {65B591E8-7962-46E0-A0D0-E4031C5E63ED}
	EndGlobalSection
EndGlobal
