
Microsoft Visual Studio Solution File, Format Version 12.00
# Visual Studio 15
VisualStudioVersion = 15.0.27130.2027
MinimumVisualStudioVersion = 10.0.40219.1
Project("{FAE04EC0-301F-11D3-BF4B-00C04F79EFBC}") = "MyAvgMethod", "MyAvgMethod\MyAvgMethod.csproj", "{DA198F33-67A1-4279-9FC5-C4F6BD116156}"
EndProject
Global
	GlobalSection(SolutionConfigurationPlatforms) = preSolution
		Debug|Any CPU = Debug|Any CPU
		Release|Any CPU = Release|Any CPU
	EndGlobalSection
	GlobalSection(ProjectConfigurationPlatforms) = postSolution
		{DA198F33-67A1-4279-9FC5-C4F6BD116156}.Debug|Any CPU.ActiveCfg = Debug|Any CPU
		{DA198F33-67A1-4279-9FC5-C4F6BD116156}.Debug|Any CPU.Build.0 = Debug|Any CPU
		{DA198F33-67A1-4279-9FC5-C4F6BD116156}.Release|Any CPU.ActiveCfg = Release|Any CPU
		{DA198F33-67A1-4279-9FC5-C4F6BD116156}.Release|Any CPU.Build.0 = Release|Any CPU
	EndGlobalSection
	GlobalSection(SolutionProperties) = preSolution
		HideSolutionNode = FALSE
	EndGlobalSection
	GlobalSection(ExtensibilityGlobals) = postSolution
		SolutionGuid = {848CE70B-47EE-468F-8F97-FDCF9A750F67}
	EndGlobalSection
EndGlobal
