
Microsoft Visual Studio Solution File, Format Version 12.00
# Visual Studio 15
VisualStudioVersion = 15.0.27130.2027
MinimumVisualStudioVersion = 10.0.40219.1
Project("{FAE04EC0-301F-11D3-BF4B-00C04F79EFBC}") = "SumOfMultiplesOfThreeDoWhileVersion02", "SumOfMultiplesOfThreeDoWhileVersion02\SumOfMultiplesOfThreeDoWhileVersion02.csproj", "{65E15AC3-AE8A-4478-BB6A-5E9577BEEABD}"
EndProject
Global
	GlobalSection(SolutionConfigurationPlatforms) = preSolution
		Debug|Any CPU = Debug|Any CPU
		Release|Any CPU = Release|Any CPU
	EndGlobalSection
	GlobalSection(ProjectConfigurationPlatforms) = postSolution
		{65E15AC3-AE8A-4478-BB6A-5E9577BEEABD}.Debug|Any CPU.ActiveCfg = Debug|Any CPU
		{65E15AC3-AE8A-4478-BB6A-5E9577BEEABD}.Debug|Any CPU.Build.0 = Debug|Any CPU
		{65E15AC3-AE8A-4478-BB6A-5E9577BEEABD}.Release|Any CPU.ActiveCfg = Release|Any CPU
		{65E15AC3-AE8A-4478-BB6A-5E9577BEEABD}.Release|Any CPU.Build.0 = Release|Any CPU
	EndGlobalSection
	GlobalSection(SolutionProperties) = preSolution
		HideSolutionNode = FALSE
	EndGlobalSection
	GlobalSection(ExtensibilityGlobals) = postSolution
		SolutionGuid = {235B5910-FA2D-4902-B90B-0E9E8B6CC266}
	EndGlobalSection
EndGlobal
