
Microsoft Visual Studio Solution File, Format Version 12.00
# Visual Studio 15
VisualStudioVersion = 15.0.27130.2027
MinimumVisualStudioVersion = 10.0.40219.1
Project("{FAE04EC0-301F-11D3-BF4B-00C04F79EFBC}") = "RightAngleTriangleWithNumberIncreasedByOne", "RightAngleTriangleWithNumberIncreasedByOne\RightAngleTriangleWithNumberIncreasedByOne.csproj", "{D875B8F8-1FCA-42C3-8699-C0CC9F305D48}"
EndProject
Global
	GlobalSection(SolutionConfigurationPlatforms) = preSolution
		Debug|Any CPU = Debug|Any CPU
		Release|Any CPU = Release|Any CPU
	EndGlobalSection
	GlobalSection(ProjectConfigurationPlatforms) = postSolution
		{D875B8F8-1FCA-42C3-8699-C0CC9F305D48}.Debug|Any CPU.ActiveCfg = Debug|Any CPU
		{D875B8F8-1FCA-42C3-8699-C0CC9F305D48}.Debug|Any CPU.Build.0 = Debug|Any CPU
		{D875B8F8-1FCA-42C3-8699-C0CC9F305D48}.Release|Any CPU.ActiveCfg = Release|Any CPU
		{D875B8F8-1FCA-42C3-8699-C0CC9F305D48}.Release|Any CPU.Build.0 = Release|Any CPU
	EndGlobalSection
	GlobalSection(SolutionProperties) = preSolution
		HideSolutionNode = FALSE
	EndGlobalSection
	GlobalSection(ExtensibilityGlobals) = postSolution
		SolutionGuid = {330131D1-A569-4CBB-A7D8-34DFE1956031}
	EndGlobalSection
EndGlobal
